
Microsoft Visual Studio Solution File, Format Version 12.00
# Visual Studio Version 17
VisualStudioVersion = 17.3.32819.101
MinimumVisualStudioVersion = 10.0.40219.1
Project("{8BC9CEB8-8B4A-11D0-8D11-00A0C91BC942}") = "x86AssemblyProgramsProject", "..\x86AssemblyProgramsProject\x86AssemblyProgramsProject.vcxproj", "{7553B313-C19E-457E-8532-5B1E3865F76C}"
EndProject
Project("{8BC9CEB8-8B4A-11D0-8D11-00A0C91BC942}") = "ArrayReverser", "ArrayReverser\ArrayReverser.vcxproj", "{D827DF15-895F-47D0-AEB0-21BA4B5851C4}"
EndProject
Project("{8BC9CEB8-8B4A-11D0-8D11-00A0C91BC942}") = "CalculateSum", "CalculateSum\CalculateSum.vcxproj", "{86175A4D-1F2F-4901-B65D-6EF92FC729B9}"
EndProject
Project("{8BC9CEB8-8B4A-11D0-8D11-00A0C91BC942}") = "SignedDivMul", "SignedDivMul\SignedDivMul.vcxproj", "{4BE501FB-1657-4E08-95D1-ACFD635AC416}"
EndProject
Project("{8BC9CEB8-8B4A-11D0-8D11-00A0C91BC942}") = "CPPCallingConventions", "CPPCallingConventions\CPPCallingConventions.vcxproj", "{DD7597F8-9ABC-4D28-BF3B-C782A136E98D}"
EndProject
Project("{8BC9CEB8-8B4A-11D0-8D11-00A0C91BC942}") = "MemoryAdressing", "MemoryAdressing\MemoryAdressing.vcxproj", "{794C13CE-B605-47BE-BCA6-30CFF25848EB}"
EndProject
Project("{8BC9CEB8-8B4A-11D0-8D11-00A0C91BC942}") = "IntegersExploration", "IntegersExploration\IntegersExploration.vcxproj", "{CCB18586-BF93-4962-888C-5E395B31EFB8}"
EndProject
Project("{8BC9CEB8-8B4A-11D0-8D11-00A0C91BC942}") = "ConditionCodes", "ConditionCodes\ConditionCodes.vcxproj", "{0EE6AADA-104C-46E7-BBF7-16CBBF9D180E}"
EndProject
Project("{8BC9CEB8-8B4A-11D0-8D11-00A0C91BC942}") = "ArrayElementsAccess", "ArrayElementsAccess\ArrayElementsAccess.vcxproj", "{AC45A493-F72A-4942-B04E-1D6F92896BF0}"
EndProject
Project("{8BC9CEB8-8B4A-11D0-8D11-00A0C91BC942}") = "ArrayElementSquares", "ArrayElementSquares\ArrayElementSquares.vcxproj", "{F49ED603-76F7-4E39-BF01-A68AE9F09BF9}"
EndProject
Project("{8BC9CEB8-8B4A-11D0-8D11-00A0C91BC942}") = "CalcArrayCube", "CalcArrayCube\CalcArrayCube.vcxproj", "{E2AFE05A-BC7F-4BB8-8FF7-22B6B42AEEF2}"
EndProject
Project("{8BC9CEB8-8B4A-11D0-8D11-00A0C91BC942}") = "RowColSumCalculator", "RowColSumCalculator\RowColSumCalculator.vcxproj", "{FB427951-F049-46AE-BD7C-A703EF7BFDB6}"
EndProject
Project("{8BC9CEB8-8B4A-11D0-8D11-00A0C91BC942}") = "StringCharacterCount", "StringCharacterCount\StringCharacterCount.vcxproj", "{E149E4F5-E522-4B19-8E62-9AE47282F894}"
EndProject
Project("{8BC9CEB8-8B4A-11D0-8D11-00A0C91BC942}") = "TemperatureConversion", "TemperatureConversion\TemperatureConversion.vcxproj", "{A75725E4-4C22-459D-8A89-0C18D25E4138}"
EndProject
Project("{8BC9CEB8-8B4A-11D0-8D11-00A0C91BC942}") = "SphereAreaVolume", "SphereAreaVolume\SphereAreaVolume.vcxproj", "{0D8EA329-0085-46DB-93C7-0A4B2B5F36B0}"
EndProject
Project("{8BC9CEB8-8B4A-11D0-8D11-00A0C91BC942}") = "Statistics", "Statistics\Statistics.vcxproj", "{BD6747F7-0ED2-4B0A-B60E-6CCE6F2A2664}"
EndProject
Project("{8BC9CEB8-8B4A-11D0-8D11-00A0C91BC942}") = "MinMax", "MinMax\MinMax.vcxproj", "{AB629169-E063-4227-AE01-AA3A100C8350}"
EndProject
Project("{8BC9CEB8-8B4A-11D0-8D11-00A0C91BC942}") = "CoordinateConversions", "CoordinateConversions\CoordinateConversions.vcxproj", "{4DD65CB5-7085-4A48-A964-516A51C4C4C4}"
EndProject
Project("{8BC9CEB8-8B4A-11D0-8D11-00A0C91BC942}") = "LeastSquares", "LeastSquares\LeastSquares.vcxproj", "{DEF02728-2928-496A-BDF6-2875D37C2BB8}"
EndProject
Project("{8BC9CEB8-8B4A-11D0-8D11-00A0C91BC942}") = "MMXAddition", "MMXAddition\MMXAddition.vcxproj", "{A45C15DA-6109-49EF-B8C0-DA6EADCE6847}"
EndProject
Project("{8BC9CEB8-8B4A-11D0-8D11-00A0C91BC942}") = "MmxShift", "MmxShift\MmxShift.vcxproj", "{E779B5F9-A715-409A-8C9D-E685B0A0F6F4}"
EndProject
Project("{8BC9CEB8-8B4A-11D0-8D11-00A0C91BC942}") = "MmxMultiply", "MmxMultiply\MmxMultiply.vcxproj", "{2432024A-5C93-49A0-9C98-12857977CAB2}"
EndProject
Project("{8BC9CEB8-8B4A-11D0-8D11-00A0C91BC942}") = "SSEfpArithmetic", "SSEfpArithmetic\SSEfpArithmetic.vcxproj", "{C5E1F4E1-36A6-48ED-8B36-7BDAC3242C2E}"
EndProject
Global
	GlobalSection(SolutionConfigurationPlatforms) = preSolution
		Debug|x64 = Debug|x64
		Debug|x86 = Debug|x86
		Release|x64 = Release|x64
		Release|x86 = Release|x86
	EndGlobalSection
	GlobalSection(ProjectConfigurationPlatforms) = postSolution
		{7553B313-C19E-457E-8532-5B1E3865F76C}.Debug|x64.ActiveCfg = Debug|x64
		{7553B313-C19E-457E-8532-5B1E3865F76C}.Debug|x64.Build.0 = Debug|x64
		{7553B313-C19E-457E-8532-5B1E3865F76C}.Debug|x86.ActiveCfg = Debug|Win32
		{7553B313-C19E-457E-8532-5B1E3865F76C}.Debug|x86.Build.0 = Debug|Win32
		{7553B313-C19E-457E-8532-5B1E3865F76C}.Release|x64.ActiveCfg = Release|x64
		{7553B313-C19E-457E-8532-5B1E3865F76C}.Release|x64.Build.0 = Release|x64
		{7553B313-C19E-457E-8532-5B1E3865F76C}.Release|x86.ActiveCfg = Release|Win32
		{7553B313-C19E-457E-8532-5B1E3865F76C}.Release|x86.Build.0 = Release|Win32
		{D827DF15-895F-47D0-AEB0-21BA4B5851C4}.Debug|x64.ActiveCfg = Debug|x64
		{D827DF15-895F-47D0-AEB0-21BA4B5851C4}.Debug|x64.Build.0 = Debug|x64
		{D827DF15-895F-47D0-AEB0-21BA4B5851C4}.Debug|x86.ActiveCfg = Debug|Win32
		{D827DF15-895F-47D0-AEB0-21BA4B5851C4}.Debug|x86.Build.0 = Debug|Win32
		{D827DF15-895F-47D0-AEB0-21BA4B5851C4}.Release|x64.ActiveCfg = Release|x64
		{D827DF15-895F-47D0-AEB0-21BA4B5851C4}.Release|x64.Build.0 = Release|x64
		{D827DF15-895F-47D0-AEB0-21BA4B5851C4}.Release|x86.ActiveCfg = Release|Win32
		{D827DF15-895F-47D0-AEB0-21BA4B5851C4}.Release|x86.Build.0 = Release|Win32
		{86175A4D-1F2F-4901-B65D-6EF92FC729B9}.Debug|x64.ActiveCfg = Debug|x64
		{86175A4D-1F2F-4901-B65D-6EF92FC729B9}.Debug|x64.Build.0 = Debug|x64
		{86175A4D-1F2F-4901-B65D-6EF92FC729B9}.Debug|x86.ActiveCfg = Debug|Win32
		{86175A4D-1F2F-4901-B65D-6EF92FC729B9}.Debug|x86.Build.0 = Debug|Win32
		{86175A4D-1F2F-4901-B65D-6EF92FC729B9}.Release|x64.ActiveCfg = Release|x64
		{86175A4D-1F2F-4901-B65D-6EF92FC729B9}.Release|x64.Build.0 = Release|x64
		{86175A4D-1F2F-4901-B65D-6EF92FC729B9}.Release|x86.ActiveCfg = Release|Win32
		{86175A4D-1F2F-4901-B65D-6EF92FC729B9}.Release|x86.Build.0 = Release|Win32
		{4BE501FB-1657-4E08-95D1-ACFD635AC416}.Debug|x64.ActiveCfg = Debug|x64
		{4BE501FB-1657-4E08-95D1-ACFD635AC416}.Debug|x64.Build.0 = Debug|x64
		{4BE501FB-1657-4E08-95D1-ACFD635AC416}.Debug|x86.ActiveCfg = Debug|Win32
		{4BE501FB-1657-4E08-95D1-ACFD635AC416}.Debug|x86.Build.0 = Debug|Win32
		{4BE501FB-1657-4E08-95D1-ACFD635AC416}.Release|x64.ActiveCfg = Release|x64
		{4BE501FB-1657-4E08-95D1-ACFD635AC416}.Release|x64.Build.0 = Release|x64
		{4BE501FB-1657-4E08-95D1-ACFD635AC416}.Release|x86.ActiveCfg = Release|Win32
		{4BE501FB-1657-4E08-95D1-ACFD635AC416}.Release|x86.Build.0 = Release|Win32
		{DD7597F8-9ABC-4D28-BF3B-C782A136E98D}.Debug|x64.ActiveCfg = Debug|x64
		{DD7597F8-9ABC-4D28-BF3B-C782A136E98D}.Debug|x64.Build.0 = Debug|x64
		{DD7597F8-9ABC-4D28-BF3B-C782A136E98D}.Debug|x86.ActiveCfg = Debug|Win32
		{DD7597F8-9ABC-4D28-BF3B-C782A136E98D}.Debug|x86.Build.0 = Debug|Win32
		{DD7597F8-9ABC-4D28-BF3B-C782A136E98D}.Release|x64.ActiveCfg = Release|x64
		{DD7597F8-9ABC-4D28-BF3B-C782A136E98D}.Release|x64.Build.0 = Release|x64
		{DD7597F8-9ABC-4D28-BF3B-C782A136E98D}.Release|x86.ActiveCfg = Release|Win32
		{DD7597F8-9ABC-4D28-BF3B-C782A136E98D}.Release|x86.Build.0 = Release|Win32
		{794C13CE-B605-47BE-BCA6-30CFF25848EB}.Debug|x64.ActiveCfg = Debug|x64
		{794C13CE-B605-47BE-BCA6-30CFF25848EB}.Debug|x64.Build.0 = Debug|x64
		{794C13CE-B605-47BE-BCA6-30CFF25848EB}.Debug|x86.ActiveCfg = Debug|Win32
		{794C13CE-B605-47BE-BCA6-30CFF25848EB}.Debug|x86.Build.0 = Debug|Win32
		{794C13CE-B605-47BE-BCA6-30CFF25848EB}.Release|x64.ActiveCfg = Release|x64
		{794C13CE-B605-47BE-BCA6-30CFF25848EB}.Release|x64.Build.0 = Release|x64
		{794C13CE-B605-47BE-BCA6-30CFF25848EB}.Release|x86.ActiveCfg = Release|Win32
		{794C13CE-B605-47BE-BCA6-30CFF25848EB}.Release|x86.Build.0 = Release|Win32
		{CCB18586-BF93-4962-888C-5E395B31EFB8}.Debug|x64.ActiveCfg = Debug|x64
		{CCB18586-BF93-4962-888C-5E395B31EFB8}.Debug|x64.Build.0 = Debug|x64
		{CCB18586-BF93-4962-888C-5E395B31EFB8}.Debug|x86.ActiveCfg = Debug|Win32
		{CCB18586-BF93-4962-888C-5E395B31EFB8}.Debug|x86.Build.0 = Debug|Win32
		{CCB18586-BF93-4962-888C-5E395B31EFB8}.Release|x64.ActiveCfg = Release|x64
		{CCB18586-BF93-4962-888C-5E395B31EFB8}.Release|x64.Build.0 = Release|x64
		{CCB18586-BF93-4962-888C-5E395B31EFB8}.Release|x86.ActiveCfg = Release|Win32
		{CCB18586-BF93-4962-888C-5E395B31EFB8}.Release|x86.Build.0 = Release|Win32
		{0EE6AADA-104C-46E7-BBF7-16CBBF9D180E}.Debug|x64.ActiveCfg = Debug|x64
		{0EE6AADA-104C-46E7-BBF7-16CBBF9D180E}.Debug|x64.Build.0 = Debug|x64
		{0EE6AADA-104C-46E7-BBF7-16CBBF9D180E}.Debug|x86.ActiveCfg = Debug|Win32
		{0EE6AADA-104C-46E7-BBF7-16CBBF9D180E}.Debug|x86.Build.0 = Debug|Win32
		{0EE6AADA-104C-46E7-BBF7-16CBBF9D180E}.Release|x64.ActiveCfg = Release|x64
		{0EE6AADA-104C-46E7-BBF7-16CBBF9D180E}.Release|x64.Build.0 = Release|x64
		{0EE6AADA-104C-46E7-BBF7-16CBBF9D180E}.Release|x86.ActiveCfg = Release|Win32
		{0EE6AADA-104C-46E7-BBF7-16CBBF9D180E}.Release|x86.Build.0 = Release|Win32
		{AC45A493-F72A-4942-B04E-1D6F92896BF0}.Debug|x64.ActiveCfg = Debug|x64
		{AC45A493-F72A-4942-B04E-1D6F92896BF0}.Debug|x64.Build.0 = Debug|x64
		{AC45A493-F72A-4942-B04E-1D6F92896BF0}.Debug|x86.ActiveCfg = Debug|Win32
		{AC45A493-F72A-4942-B04E-1D6F92896BF0}.Debug|x86.Build.0 = Debug|Win32
		{AC45A493-F72A-4942-B04E-1D6F92896BF0}.Release|x64.ActiveCfg = Release|x64
		{AC45A493-F72A-4942-B04E-1D6F92896BF0}.Release|x64.Build.0 = Release|x64
		{AC45A493-F72A-4942-B04E-1D6F92896BF0}.Release|x86.ActiveCfg = Release|Win32
		{AC45A493-F72A-4942-B04E-1D6F92896BF0}.Release|x86.Build.0 = Release|Win32
		{F49ED603-76F7-4E39-BF01-A68AE9F09BF9}.Debug|x64.ActiveCfg = Debug|x64
		{F49ED603-76F7-4E39-BF01-A68AE9F09BF9}.Debug|x64.Build.0 = Debug|x64
		{F49ED603-76F7-4E39-BF01-A68AE9F09BF9}.Debug|x86.ActiveCfg = Debug|Win32
		{F49ED603-76F7-4E39-BF01-A68AE9F09BF9}.Debug|x86.Build.0 = Debug|Win32
		{F49ED603-76F7-4E39-BF01-A68AE9F09BF9}.Release|x64.ActiveCfg = Release|x64
		{F49ED603-76F7-4E39-BF01-A68AE9F09BF9}.Release|x64.Build.0 = Release|x64
		{F49ED603-76F7-4E39-BF01-A68AE9F09BF9}.Release|x86.ActiveCfg = Release|Win32
		{F49ED603-76F7-4E39-BF01-A68AE9F09BF9}.Release|x86.Build.0 = Release|Win32
		{E2AFE05A-BC7F-4BB8-8FF7-22B6B42AEEF2}.Debug|x64.ActiveCfg = Debug|x64
		{E2AFE05A-BC7F-4BB8-8FF7-22B6B42AEEF2}.Debug|x64.Build.0 = Debug|x64
		{E2AFE05A-BC7F-4BB8-8FF7-22B6B42AEEF2}.Debug|x86.ActiveCfg = Debug|Win32
		{E2AFE05A-BC7F-4BB8-8FF7-22B6B42AEEF2}.Debug|x86.Build.0 = Debug|Win32
		{E2AFE05A-BC7F-4BB8-8FF7-22B6B42AEEF2}.Release|x64.ActiveCfg = Release|x64
		{E2AFE05A-BC7F-4BB8-8FF7-22B6B42AEEF2}.Release|x64.Build.0 = Release|x64
		{E2AFE05A-BC7F-4BB8-8FF7-22B6B42AEEF2}.Release|x86.ActiveCfg = Release|Win32
		{E2AFE05A-BC7F-4BB8-8FF7-22B6B42AEEF2}.Release|x86.Build.0 = Release|Win32
		{FB427951-F049-46AE-BD7C-A703EF7BFDB6}.Debug|x64.ActiveCfg = Debug|x64
		{FB427951-F049-46AE-BD7C-A703EF7BFDB6}.Debug|x64.Build.0 = Debug|x64
		{FB427951-F049-46AE-BD7C-A703EF7BFDB6}.Debug|x86.ActiveCfg = Debug|Win32
		{FB427951-F049-46AE-BD7C-A703EF7BFDB6}.Debug|x86.Build.0 = Debug|Win32
		{FB427951-F049-46AE-BD7C-A703EF7BFDB6}.Release|x64.ActiveCfg = Release|x64
		{FB427951-F049-46AE-BD7C-A703EF7BFDB6}.Release|x64.Build.0 = Release|x64
		{FB427951-F049-46AE-BD7C-A703EF7BFDB6}.Release|x86.ActiveCfg = Release|Win32
		{FB427951-F049-46AE-BD7C-A703EF7BFDB6}.Release|x86.Build.0 = Release|Win32
		{E149E4F5-E522-4B19-8E62-9AE47282F894}.Debug|x64.ActiveCfg = Debug|x64
		{E149E4F5-E522-4B19-8E62-9AE47282F894}.Debug|x64.Build.0 = Debug|x64
		{E149E4F5-E522-4B19-8E62-9AE47282F894}.Debug|x86.ActiveCfg = Debug|Win32
		{E149E4F5-E522-4B19-8E62-9AE47282F894}.Debug|x86.Build.0 = Debug|Win32
		{E149E4F5-E522-4B19-8E62-9AE47282F894}.Release|x64.ActiveCfg = Release|x64
		{E149E4F5-E522-4B19-8E62-9AE47282F894}.Release|x64.Build.0 = Release|x64
		{E149E4F5-E522-4B19-8E62-9AE47282F894}.Release|x86.ActiveCfg = Release|Win32
		{E149E4F5-E522-4B19-8E62-9AE47282F894}.Release|x86.Build.0 = Release|Win32
		{A75725E4-4C22-459D-8A89-0C18D25E4138}.Debug|x64.ActiveCfg = Debug|x64
		{A75725E4-4C22-459D-8A89-0C18D25E4138}.Debug|x64.Build.0 = Debug|x64
		{A75725E4-4C22-459D-8A89-0C18D25E4138}.Debug|x86.ActiveCfg = Debug|Win32
		{A75725E4-4C22-459D-8A89-0C18D25E4138}.Debug|x86.Build.0 = Debug|Win32
		{A75725E4-4C22-459D-8A89-0C18D25E4138}.Release|x64.ActiveCfg = Release|x64
		{A75725E4-4C22-459D-8A89-0C18D25E4138}.Release|x64.Build.0 = Release|x64
		{A75725E4-4C22-459D-8A89-0C18D25E4138}.Release|x86.ActiveCfg = Release|Win32
		{A75725E4-4C22-459D-8A89-0C18D25E4138}.Release|x86.Build.0 = Release|Win32
		{0D8EA329-0085-46DB-93C7-0A4B2B5F36B0}.Debug|x64.ActiveCfg = Debug|x64
		{0D8EA329-0085-46DB-93C7-0A4B2B5F36B0}.Debug|x64.Build.0 = Debug|x64
		{0D8EA329-0085-46DB-93C7-0A4B2B5F36B0}.Debug|x86.ActiveCfg = Debug|Win32
		{0D8EA329-0085-46DB-93C7-0A4B2B5F36B0}.Debug|x86.Build.0 = Debug|Win32
		{0D8EA329-0085-46DB-93C7-0A4B2B5F36B0}.Release|x64.ActiveCfg = Release|x64
		{0D8EA329-0085-46DB-93C7-0A4B2B5F36B0}.Release|x64.Build.0 = Release|x64
		{0D8EA329-0085-46DB-93C7-0A4B2B5F36B0}.Release|x86.ActiveCfg = Release|Win32
		{0D8EA329-0085-46DB-93C7-0A4B2B5F36B0}.Release|x86.Build.0 = Release|Win32
		{BD6747F7-0ED2-4B0A-B60E-6CCE6F2A2664}.Debug|x64.ActiveCfg = Debug|x64
		{BD6747F7-0ED2-4B0A-B60E-6CCE6F2A2664}.Debug|x64.Build.0 = Debug|x64
		{BD6747F7-0ED2-4B0A-B60E-6CCE6F2A2664}.Debug|x86.ActiveCfg = Debug|Win32
		{BD6747F7-0ED2-4B0A-B60E-6CCE6F2A2664}.Debug|x86.Build.0 = Debug|Win32
		{BD6747F7-0ED2-4B0A-B60E-6CCE6F2A2664}.Release|x64.ActiveCfg = Release|x64
		{BD6747F7-0ED2-4B0A-B60E-6CCE6F2A2664}.Release|x64.Build.0 = Release|x64
		{BD6747F7-0ED2-4B0A-B60E-6CCE6F2A2664}.Release|x86.ActiveCfg = Release|Win32
		{BD6747F7-0ED2-4B0A-B60E-6CCE6F2A2664}.Release|x86.Build.0 = Release|Win32
		{AB629169-E063-4227-AE01-AA3A100C8350}.Debug|x64.ActiveCfg = Debug|x64
		{AB629169-E063-4227-AE01-AA3A100C8350}.Debug|x64.Build.0 = Debug|x64
		{AB629169-E063-4227-AE01-AA3A100C8350}.Debug|x86.ActiveCfg = Debug|Win32
		{AB629169-E063-4227-AE01-AA3A100C8350}.Debug|x86.Build.0 = Debug|Win32
		{AB629169-E063-4227-AE01-AA3A100C8350}.Release|x64.ActiveCfg = Release|x64
		{AB629169-E063-4227-AE01-AA3A100C8350}.Release|x64.Build.0 = Release|x64
		{AB629169-E063-4227-AE01-AA3A100C8350}.Release|x86.ActiveCfg = Release|Win32
		{AB629169-E063-4227-AE01-AA3A100C8350}.Release|x86.Build.0 = Release|Win32
		{4DD65CB5-7085-4A48-A964-516A51C4C4C4}.Debug|x64.ActiveCfg = Debug|x64
		{4DD65CB5-7085-4A48-A964-516A51C4C4C4}.Debug|x64.Build.0 = Debug|x64
		{4DD65CB5-7085-4A48-A964-516A51C4C4C4}.Debug|x86.ActiveCfg = Debug|Win32
		{4DD65CB5-7085-4A48-A964-516A51C4C4C4}.Debug|x86.Build.0 = Debug|Win32
		{4DD65CB5-7085-4A48-A964-516A51C4C4C4}.Release|x64.ActiveCfg = Release|x64
		{4DD65CB5-7085-4A48-A964-516A51C4C4C4}.Release|x64.Build.0 = Release|x64
		{4DD65CB5-7085-4A48-A964-516A51C4C4C4}.Release|x86.ActiveCfg = Release|Win32
		{4DD65CB5-7085-4A48-A964-516A51C4C4C4}.Release|x86.Build.0 = Release|Win32
		{DEF02728-2928-496A-BDF6-2875D37C2BB8}.Debug|x64.ActiveCfg = Debug|x64
		{DEF02728-2928-496A-BDF6-2875D37C2BB8}.Debug|x64.Build.0 = Debug|x64
		{DEF02728-2928-496A-BDF6-2875D37C2BB8}.Debug|x86.ActiveCfg = Debug|Win32
		{DEF02728-2928-496A-BDF6-2875D37C2BB8}.Debug|x86.Build.0 = Debug|Win32
		{DEF02728-2928-496A-BDF6-2875D37C2BB8}.Release|x64.ActiveCfg = Release|x64
		{DEF02728-2928-496A-BDF6-2875D37C2BB8}.Release|x64.Build.0 = Release|x64
		{DEF02728-2928-496A-BDF6-2875D37C2BB8}.Release|x86.ActiveCfg = Release|Win32
		{DEF02728-2928-496A-BDF6-2875D37C2BB8}.Release|x86.Build.0 = Release|Win32
		{A45C15DA-6109-49EF-B8C0-DA6EADCE6847}.Debug|x64.ActiveCfg = Debug|x64
		{A45C15DA-6109-49EF-B8C0-DA6EADCE6847}.Debug|x64.Build.0 = Debug|x64
		{A45C15DA-6109-49EF-B8C0-DA6EADCE6847}.Debug|x86.ActiveCfg = Debug|Win32
		{A45C15DA-6109-49EF-B8C0-DA6EADCE6847}.Debug|x86.Build.0 = Debug|Win32
		{A45C15DA-6109-49EF-B8C0-DA6EADCE6847}.Release|x64.ActiveCfg = Release|x64
		{A45C15DA-6109-49EF-B8C0-DA6EADCE6847}.Release|x64.Build.0 = Release|x64
		{A45C15DA-6109-49EF-B8C0-DA6EADCE6847}.Release|x86.ActiveCfg = Release|Win32
		{A45C15DA-6109-49EF-B8C0-DA6EADCE6847}.Release|x86.Build.0 = Release|Win32
		{E779B5F9-A715-409A-8C9D-E685B0A0F6F4}.Debug|x64.ActiveCfg = Debug|x64
		{E779B5F9-A715-409A-8C9D-E685B0A0F6F4}.Debug|x64.Build.0 = Debug|x64
		{E779B5F9-A715-409A-8C9D-E685B0A0F6F4}.Debug|x86.ActiveCfg = Debug|Win32
		{E779B5F9-A715-409A-8C9D-E685B0A0F6F4}.Debug|x86.Build.0 = Debug|Win32
		{E779B5F9-A715-409A-8C9D-E685B0A0F6F4}.Release|x64.ActiveCfg = Release|x64
		{E779B5F9-A715-409A-8C9D-E685B0A0F6F4}.Release|x64.Build.0 = Release|x64
		{E779B5F9-A715-409A-8C9D-E685B0A0F6F4}.Release|x86.ActiveCfg = Release|Win32
		{E779B5F9-A715-409A-8C9D-E685B0A0F6F4}.Release|x86.Build.0 = Release|Win32
		{2432024A-5C93-49A0-9C98-12857977CAB2}.Debug|x64.ActiveCfg = Debug|x64
		{2432024A-5C93-49A0-9C98-12857977CAB2}.Debug|x64.Build.0 = Debug|x64
		{2432024A-5C93-49A0-9C98-12857977CAB2}.Debug|x86.ActiveCfg = Debug|Win32
		{2432024A-5C93-49A0-9C98-12857977CAB2}.Debug|x86.Build.0 = Debug|Win32
		{2432024A-5C93-49A0-9C98-12857977CAB2}.Release|x64.ActiveCfg = Release|x64
		{2432024A-5C93-49A0-9C98-12857977CAB2}.Release|x64.Build.0 = Release|x64
		{2432024A-5C93-49A0-9C98-12857977CAB2}.Release|x86.ActiveCfg = Release|Win32
		{2432024A-5C93-49A0-9C98-12857977CAB2}.Release|x86.Build.0 = Release|Win32
		{C5E1F4E1-36A6-48ED-8B36-7BDAC3242C2E}.Debug|x64.ActiveCfg = Debug|x64
		{C5E1F4E1-36A6-48ED-8B36-7BDAC3242C2E}.Debug|x64.Build.0 = Debug|x64
		{C5E1F4E1-36A6-48ED-8B36-7BDAC3242C2E}.Debug|x86.ActiveCfg = Debug|Win32
		{C5E1F4E1-36A6-48ED-8B36-7BDAC3242C2E}.Debug|x86.Build.0 = Debug|Win32
		{C5E1F4E1-36A6-48ED-8B36-7BDAC3242C2E}.Release|x64.ActiveCfg = Release|x64
		{C5E1F4E1-36A6-48ED-8B36-7BDAC3242C2E}.Release|x64.Build.0 = Release|x64
		{C5E1F4E1-36A6-48ED-8B36-7BDAC3242C2E}.Release|x86.ActiveCfg = Release|Win32
		{C5E1F4E1-36A6-48ED-8B36-7BDAC3242C2E}.Release|x86.Build.0 = Release|Win32
	EndGlobalSection
	GlobalSection(SolutionProperties) = preSolution
		HideSolutionNode = FALSE
	EndGlobalSection
	GlobalSection(ExtensibilityGlobals) = postSolution
		SolutionGuid = {B87BAD21-7C23-4E19-A1F9-F92D4E1A0781}
	EndGlobalSection
EndGlobal
